
Microsoft Visual Studio Solution File, Format Version 12.00
# Visual Studio Version 17
VisualStudioVersion = 17.7.34221.43
MinimumVisualStudioVersion = 10.0.40219.1
Project("{FAE04EC0-301F-11D3-BF4B-00C04F79EFBC}") = "OperatorsExercise", "OperatorsExercise\OperatorsExercise.csproj", "{79243684-3586-4B3C-AAAB-68FD10F8B49B}"
EndProject
Global
	GlobalSection(SolutionConfigurationPlatforms) = preSolution
		Debug|Any CPU = Debug|Any CPU
		Release|Any CPU = Release|Any CPU
	EndGlobalSection
	GlobalSection(ProjectConfigurationPlatforms) = postSolution
		{79243684-3586-4B3C-AAAB-68FD10F8B49B}.Debug|Any CPU.ActiveCfg = Debug|Any CPU
		{79243684-3586-4B3C-AAAB-68FD10F8B49B}.Debug|Any CPU.Build.0 = Debug|Any CPU
		{79243684-3586-4B3C-AAAB-68FD10F8B49B}.Release|Any CPU.ActiveCfg = Release|Any CPU
		{79243684-3586-4B3C-AAAB-68FD10F8B49B}.Release|Any CPU.Build.0 = Release|Any CPU
	EndGlobalSection
	GlobalSection(SolutionProperties) = preSolution
		HideSolutionNode = FALSE
	EndGlobalSection
	GlobalSection(ExtensibilityGlobals) = postSolution
		SolutionGuid = {15FD24C4-D83C-4898-B4C9-1FB3B9CDB520}
	EndGlobalSection
EndGlobal
